// !$*UTF8*$!
{
	archiveVersion = 1;
	classes = {
	};
	objectVersion = 60;
	objects = {

/* Begin PBXBuildFile section */
		F12C2BA22C6E182D002DE1EF /* CharactersScreen.swift in Sources */ = {isa = PBXBuildFile; fileRef = F12C2BA12C6E182C002DE1EF /* CharactersScreen.swift */; };
		F12C2BA42C6E1B7D002DE1EF /* Localizable.xcstrings in Resources */ = {isa = PBXBuildFile; fileRef = F12C2BA32C6E1B7D002DE1EF /* Localizable.xcstrings */; };
		F12C2BA62C6E2027002DE1EF /* CharacterViewController.swift in Sources */ = {isa = PBXBuildFile; fileRef = F12C2BA52C6E2027002DE1EF /* CharacterViewController.swift */; };
		F12C2BA82C6E23BF002DE1EF /* Character.swift in Sources */ = {isa = PBXBuildFile; fileRef = F12C2BA72C6E23BF002DE1EF /* Character.swift */; };
		F12C2BAA2C6E242A002DE1EF /* CharacterLocation.swift in Sources */ = {isa = PBXBuildFile; fileRef = F12C2BA92C6E242A002DE1EF /* CharacterLocation.swift */; };
		F12C2BAC2C6E2477002DE1EF /* CharacterDetail.swift in Sources */ = {isa = PBXBuildFile; fileRef = F12C2BAB2C6E2477002DE1EF /* CharacterDetail.swift */; };
		F12C2BAE2C6E24CE002DE1EF /* CharacterOrigin.swift in Sources */ = {isa = PBXBuildFile; fileRef = F12C2BAD2C6E24CE002DE1EF /* CharacterOrigin.swift */; };
		F12C2BB02C6E2547002DE1EF /* CharacterResponse.swift in Sources */ = {isa = PBXBuildFile; fileRef = F12C2BAF2C6E2547002DE1EF /* CharacterResponse.swift */; };
		F12C2BB22C6E258D002DE1EF /* Info.swift in Sources */ = {isa = PBXBuildFile; fileRef = F12C2BB12C6E258D002DE1EF /* Info.swift */; };
		F12C2BB52C6E25E0002DE1EF /* EpisodeResponse.swift in Sources */ = {isa = PBXBuildFile; fileRef = F12C2BB42C6E25E0002DE1EF /* EpisodeResponse.swift */; };
		F12C2BB82C6E2660002DE1EF /* Episode.swift in Sources */ = {isa = PBXBuildFile; fileRef = F12C2BB72C6E2660002DE1EF /* Episode.swift */; };
		F12C2BBA2C6E27AF002DE1EF /* CharacterRepository.swift in Sources */ = {isa = PBXBuildFile; fileRef = F12C2BB92C6E27AF002DE1EF /* CharacterRepository.swift */; };
		F12C2BBC2C6E349B002DE1EF /* CharacterRepositoryImpl.swift in Sources */ = {isa = PBXBuildFile; fileRef = F12C2BBB2C6E349B002DE1EF /* CharacterRepositoryImpl.swift */; };
		F12C2BBE2C6E34E4002DE1EF /* NetworkService.swift in Sources */ = {isa = PBXBuildFile; fileRef = F12C2BBD2C6E34E4002DE1EF /* NetworkService.swift */; };
		F12C2BC02C6E35CB002DE1EF /* NetworkServiceImpl.swift in Sources */ = {isa = PBXBuildFile; fileRef = F12C2BBF2C6E35CB002DE1EF /* NetworkServiceImpl.swift */; };
		F12C2BC22C6E36DB002DE1EF /* CharacterEndpoint.swift in Sources */ = {isa = PBXBuildFile; fileRef = F12C2BC12C6E36DB002DE1EF /* CharacterEndpoint.swift */; };
		F12C2BC42C6E39B0002DE1EF /* NetworkError.swift in Sources */ = {isa = PBXBuildFile; fileRef = F12C2BC32C6E39B0002DE1EF /* NetworkError.swift */; };
		F13BC5EF2C1DAA7E007FCE3E /* AppDelegate.swift in Sources */ = {isa = PBXBuildFile; fileRef = F13BC5EE2C1DAA7E007FCE3E /* AppDelegate.swift */; };
		F13BC5F12C1DAA7E007FCE3E /* SceneDelegate.swift in Sources */ = {isa = PBXBuildFile; fileRef = F13BC5F02C1DAA7E007FCE3E /* SceneDelegate.swift */; };
		F13BC5F82C1DAA81007FCE3E /* Assets.xcassets in Resources */ = {isa = PBXBuildFile; fileRef = F13BC5F72C1DAA81007FCE3E /* Assets.xcassets */; };
		F13DFC542C6F80880008BA41 /* ControllersExt.swift in Sources */ = {isa = PBXBuildFile; fileRef = F13DFC532C6F80880008BA41 /* ControllersExt.swift */; };
		F13DFC562C6FBEBF0008BA41 /* ServiceLocator.swift in Sources */ = {isa = PBXBuildFile; fileRef = F13DFC552C6FBEBF0008BA41 /* ServiceLocator.swift */; };
		F19438BB2C6DF63700986BA4 /* LaunchScreenView.swift in Sources */ = {isa = PBXBuildFile; fileRef = F19438BA2C6DF63700986BA4 /* LaunchScreenView.swift */; };
		F19438BE2C6DF81800986BA4 /* BaseView.swift in Sources */ = {isa = PBXBuildFile; fileRef = F19438BD2C6DF81800986BA4 /* BaseView.swift */; };
		F19438C02C6DF91A00986BA4 /* R.swift in Sources */ = {isa = PBXBuildFile; fileRef = F19438BF2C6DF91A00986BA4 /* R.swift */; };
		F19438C22C6E003D00986BA4 /* Constants.swift in Sources */ = {isa = PBXBuildFile; fileRef = F19438C12C6E003D00986BA4 /* Constants.swift */; };
		F1AF76172C6CF90200F3A7CD /* LaunchScreenViewController.swift in Sources */ = {isa = PBXBuildFile; fileRef = F1AF76162C6CF90200F3A7CD /* LaunchScreenViewController.swift */; };
		F1AF761B2C6CF99500F3A7CD /* BaseViewController.swift in Sources */ = {isa = PBXBuildFile; fileRef = F1AF761A2C6CF99500F3A7CD /* BaseViewController.swift */; };
/* End PBXBuildFile section */

/* Begin PBXFileReference section */
		F12C2BA12C6E182C002DE1EF /* CharactersScreen.swift */ = {isa = PBXFileReference; lastKnownFileType = sourcecode.swift; path = CharactersScreen.swift; sourceTree = "<group>"; };
		F12C2BA32C6E1B7D002DE1EF /* Localizable.xcstrings */ = {isa = PBXFileReference; lastKnownFileType = text.json.xcstrings; path = Localizable.xcstrings; sourceTree = "<group>"; };
		F12C2BA52C6E2027002DE1EF /* CharacterViewController.swift */ = {isa = PBXFileReference; lastKnownFileType = sourcecode.swift; path = CharacterViewController.swift; sourceTree = "<group>"; };
		F12C2BA72C6E23BF002DE1EF /* Character.swift */ = {isa = PBXFileReference; lastKnownFileType = sourcecode.swift; path = Character.swift; sourceTree = "<group>"; };
		F12C2BA92C6E242A002DE1EF /* CharacterLocation.swift */ = {isa = PBXFileReference; lastKnownFileType = sourcecode.swift; path = CharacterLocation.swift; sourceTree = "<group>"; };
		F12C2BAB2C6E2477002DE1EF /* CharacterDetail.swift */ = {isa = PBXFileReference; lastKnownFileType = sourcecode.swift; path = CharacterDetail.swift; sourceTree = "<group>"; };
		F12C2BAD2C6E24CE002DE1EF /* CharacterOrigin.swift */ = {isa = PBXFileReference; lastKnownFileType = sourcecode.swift; path = CharacterOrigin.swift; sourceTree = "<group>"; };
		F12C2BAF2C6E2547002DE1EF /* CharacterResponse.swift */ = {isa = PBXFileReference; lastKnownFileType = sourcecode.swift; path = CharacterResponse.swift; sourceTree = "<group>"; };
		F12C2BB12C6E258D002DE1EF /* Info.swift */ = {isa = PBXFileReference; lastKnownFileType = sourcecode.swift; path = Info.swift; sourceTree = "<group>"; };
		F12C2BB42C6E25E0002DE1EF /* EpisodeResponse.swift */ = {isa = PBXFileReference; lastKnownFileType = sourcecode.swift; path = EpisodeResponse.swift; sourceTree = "<group>"; };
		F12C2BB72C6E2660002DE1EF /* Episode.swift */ = {isa = PBXFileReference; lastKnownFileType = sourcecode.swift; path = Episode.swift; sourceTree = "<group>"; };
		F12C2BB92C6E27AF002DE1EF /* CharacterRepository.swift */ = {isa = PBXFileReference; lastKnownFileType = sourcecode.swift; path = CharacterRepository.swift; sourceTree = "<group>"; };
		F12C2BBB2C6E349B002DE1EF /* CharacterRepositoryImpl.swift */ = {isa = PBXFileReference; lastKnownFileType = sourcecode.swift; path = CharacterRepositoryImpl.swift; sourceTree = "<group>"; };
		F12C2BBD2C6E34E4002DE1EF /* NetworkService.swift */ = {isa = PBXFileReference; lastKnownFileType = sourcecode.swift; path = NetworkService.swift; sourceTree = "<group>"; };
		F12C2BBF2C6E35CB002DE1EF /* NetworkServiceImpl.swift */ = {isa = PBXFileReference; lastKnownFileType = sourcecode.swift; path = NetworkServiceImpl.swift; sourceTree = "<group>"; };
		F12C2BC12C6E36DB002DE1EF /* CharacterEndpoint.swift */ = {isa = PBXFileReference; lastKnownFileType = sourcecode.swift; path = CharacterEndpoint.swift; sourceTree = "<group>"; };
		F12C2BC32C6E39B0002DE1EF /* NetworkError.swift */ = {isa = PBXFileReference; lastKnownFileType = sourcecode.swift; path = NetworkError.swift; sourceTree = "<group>"; };
		F13BC5EB2C1DAA7E007FCE3E /* RickAndMorty.app */ = {isa = PBXFileReference; explicitFileType = wrapper.application; includeInIndex = 0; path = RickAndMorty.app; sourceTree = BUILT_PRODUCTS_DIR; };
		F13BC5EE2C1DAA7E007FCE3E /* AppDelegate.swift */ = {isa = PBXFileReference; lastKnownFileType = sourcecode.swift; path = AppDelegate.swift; sourceTree = "<group>"; };
		F13BC5F02C1DAA7E007FCE3E /* SceneDelegate.swift */ = {isa = PBXFileReference; lastKnownFileType = sourcecode.swift; path = SceneDelegate.swift; sourceTree = "<group>"; };
		F13BC5F72C1DAA81007FCE3E /* Assets.xcassets */ = {isa = PBXFileReference; lastKnownFileType = folder.assetcatalog; path = Assets.xcassets; sourceTree = "<group>"; };
		F13BC5FC2C1DAA81007FCE3E /* Info.plist */ = {isa = PBXFileReference; lastKnownFileType = text.plist.xml; path = Info.plist; sourceTree = "<group>"; };
		F13DFC532C6F80880008BA41 /* ControllersExt.swift */ = {isa = PBXFileReference; lastKnownFileType = sourcecode.swift; path = ControllersExt.swift; sourceTree = "<group>"; };
		F13DFC552C6FBEBF0008BA41 /* ServiceLocator.swift */ = {isa = PBXFileReference; lastKnownFileType = sourcecode.swift; path = ServiceLocator.swift; sourceTree = "<group>"; };
		F19438BA2C6DF63700986BA4 /* LaunchScreenView.swift */ = {isa = PBXFileReference; lastKnownFileType = sourcecode.swift; path = LaunchScreenView.swift; sourceTree = "<group>"; };
		F19438BD2C6DF81800986BA4 /* BaseView.swift */ = {isa = PBXFileReference; lastKnownFileType = sourcecode.swift; path = BaseView.swift; sourceTree = "<group>"; };
		F19438BF2C6DF91A00986BA4 /* R.swift */ = {isa = PBXFileReference; lastKnownFileType = sourcecode.swift; path = R.swift; sourceTree = "<group>"; };
		F19438C12C6E003D00986BA4 /* Constants.swift */ = {isa = PBXFileReference; lastKnownFileType = sourcecode.swift; path = Constants.swift; sourceTree = "<group>"; };
		F1AF76162C6CF90200F3A7CD /* LaunchScreenViewController.swift */ = {isa = PBXFileReference; lastKnownFileType = sourcecode.swift; path = LaunchScreenViewController.swift; sourceTree = "<group>"; };
		F1AF761A2C6CF99500F3A7CD /* BaseViewController.swift */ = {isa = PBXFileReference; lastKnownFileType = sourcecode.swift; path = BaseViewController.swift; sourceTree = "<group>"; };
/* End PBXFileReference section */

/* Begin PBXFrameworksBuildPhase section */
		F13BC5E82C1DAA7E007FCE3E /* Frameworks */ = {
			isa = PBXFrameworksBuildPhase;
			buildActionMask = 2147483647;
			files = (
			);
			runOnlyForDeploymentPostprocessing = 0;
		};
/* End PBXFrameworksBuildPhase section */

/* Begin PBXGroup section */
		F12C2BB32C6E25D6002DE1EF /* Episode */ = {
			isa = PBXGroup;
			children = (
				F12C2BB72C6E2660002DE1EF /* Episode.swift */,
				F12C2BB42C6E25E0002DE1EF /* EpisodeResponse.swift */,
			);
			path = Episode;
			sourceTree = "<group>";
		};
		F12C2BB62C6E2635002DE1EF /* Character */ = {
			isa = PBXGroup;
			children = (
				F12C2BB12C6E258D002DE1EF /* Info.swift */,
				F12C2BAF2C6E2547002DE1EF /* CharacterResponse.swift */,
				F12C2BAD2C6E24CE002DE1EF /* CharacterOrigin.swift */,
				F12C2BAB2C6E2477002DE1EF /* CharacterDetail.swift */,
				F12C2BA92C6E242A002DE1EF /* CharacterLocation.swift */,
				F12C2BA72C6E23BF002DE1EF /* Character.swift */,
			);
			path = Character;
			sourceTree = "<group>";
		};
		F13BC5E22C1DAA7D007FCE3E = {
			isa = PBXGroup;
			children = (
				F13BC5ED2C1DAA7E007FCE3E /* RickAndMorty */,
				F13BC5EC2C1DAA7E007FCE3E /* Products */,
			);
			sourceTree = "<group>";
		};
		F13BC5EC2C1DAA7E007FCE3E /* Products */ = {
			isa = PBXGroup;
			children = (
				F13BC5EB2C1DAA7E007FCE3E /* RickAndMorty.app */,
			);
			name = Products;
			sourceTree = "<group>";
		};
		F13BC5ED2C1DAA7E007FCE3E /* RickAndMorty */ = {
			isa = PBXGroup;
			children = (
				F1AF760E2C6CECCB00F3A7CD /* Application */,
				F1AF760D2C6CECAF00F3A7CD /* Resources */,
				F1AF76112C6CEFB400F3A7CD /* API */,
				F1AF760C2C6CECA500F3A7CD /* Services */,
				F1AF760B2C6CEC9800F3A7CD /* Repositories */,
				F1AF76082C6CEBA700F3A7CD /* Models */,
				F1AF760A2C6CEBDB00F3A7CD /* Views */,
				F1AF76092C6CEBCC00F3A7CD /* Controllers */,
			);
			path = RickAndMorty;
			sourceTree = "<group>";
		};
		F19438BC2C6DF7FE00986BA4 /* Base */ = {
			isa = PBXGroup;
			children = (
				F19438BD2C6DF81800986BA4 /* BaseView.swift */,
			);
			path = Base;
			sourceTree = "<group>";
		};
		F1AF76082C6CEBA700F3A7CD /* Models */ = {
			isa = PBXGroup;
			children = (
				F12C2BB32C6E25D6002DE1EF /* Episode */,
				F12C2BB62C6E2635002DE1EF /* Character */,
				F12C2BC32C6E39B0002DE1EF /* NetworkError.swift */,
			);
			path = Models;
			sourceTree = "<group>";
		};
		F1AF76092C6CEBCC00F3A7CD /* Controllers */ = {
			isa = PBXGroup;
			children = (
				F1AF76182C6CF97400F3A7CD /* Base */,
				F1AF76152C6CF8CF00F3A7CD /* LaunchScreen */,
				F1AF760F2C6CECFC00F3A7CD /* Characters */,
				F1AF76132C6CF8A000F3A7CD /* CharacterDetail */,
				F13DFC532C6F80880008BA41 /* ControllersExt.swift */,
			);
			path = Controllers;
			sourceTree = "<group>";
		};
		F1AF760A2C6CEBDB00F3A7CD /* Views */ = {
			isa = PBXGroup;
			children = (
				F19438BC2C6DF7FE00986BA4 /* Base */,
				F1AF76142C6CF8C900F3A7CD /* LaunchScreen */,
				F1AF76102C6CED0100F3A7CD /* Characters */,
				F1AF76122C6CF89B00F3A7CD /* CharacterDetail */,
			);
			path = Views;
			sourceTree = "<group>";
		};
		F1AF760B2C6CEC9800F3A7CD /* Repositories */ = {
			isa = PBXGroup;
			children = (
				F12C2BB92C6E27AF002DE1EF /* CharacterRepository.swift */,
				F12C2BBB2C6E349B002DE1EF /* CharacterRepositoryImpl.swift */,
			);
			path = Repositories;
			sourceTree = "<group>";
		};
		F1AF760C2C6CECA500F3A7CD /* Services */ = {
			isa = PBXGroup;
			children = (
				F12C2BBD2C6E34E4002DE1EF /* NetworkService.swift */,
				F12C2BBF2C6E35CB002DE1EF /* NetworkServiceImpl.swift */,
			);
			path = Services;
			sourceTree = "<group>";
		};
		F1AF760D2C6CECAF00F3A7CD /* Resources */ = {
			isa = PBXGroup;
			children = (
				F13BC5F72C1DAA81007FCE3E /* Assets.xcassets */,
				F13BC5FC2C1DAA81007FCE3E /* Info.plist */,
				F19438BF2C6DF91A00986BA4 /* R.swift */,
				F19438C12C6E003D00986BA4 /* Constants.swift */,
				F12C2BA32C6E1B7D002DE1EF /* Localizable.xcstrings */,
			);
			path = Resources;
			sourceTree = "<group>";
		};
		F1AF760E2C6CECCB00F3A7CD /* Application */ = {
			isa = PBXGroup;
			children = (
				F13DFC552C6FBEBF0008BA41 /* ServiceLocator.swift */,
				F13BC5EE2C1DAA7E007FCE3E /* AppDelegate.swift */,
				F13BC5F02C1DAA7E007FCE3E /* SceneDelegate.swift */,
			);
			path = Application;
			sourceTree = "<group>";
		};
		F1AF760F2C6CECFC00F3A7CD /* Characters */ = {
			isa = PBXGroup;
			children = (
				F12C2BA52C6E2027002DE1EF /* CharacterViewController.swift */,
			);
			path = Characters;
			sourceTree = "<group>";
		};
		F1AF76102C6CED0100F3A7CD /* Characters */ = {
			isa = PBXGroup;
			children = (
				F12C2BA12C6E182C002DE1EF /* CharactersScreen.swift */,
			);
			path = Characters;
			sourceTree = "<group>";
		};
		F1AF76112C6CEFB400F3A7CD /* API */ = {
			isa = PBXGroup;
			children = (
				F12C2BC12C6E36DB002DE1EF /* CharacterEndpoint.swift */,
			);
			path = API;
			sourceTree = "<group>";
		};
		F1AF76122C6CF89B00F3A7CD /* CharacterDetail */ = {
			isa = PBXGroup;
			children = (
			);
			path = CharacterDetail;
			sourceTree = "<group>";
		};
		F1AF76132C6CF8A000F3A7CD /* CharacterDetail */ = {
			isa = PBXGroup;
			children = (
			);
			path = CharacterDetail;
			sourceTree = "<group>";
		};
		F1AF76142C6CF8C900F3A7CD /* LaunchScreen */ = {
			isa = PBXGroup;
			children = (
				F19438BA2C6DF63700986BA4 /* LaunchScreenView.swift */,
			);
			path = LaunchScreen;
			sourceTree = "<group>";
		};
		F1AF76152C6CF8CF00F3A7CD /* LaunchScreen */ = {
			isa = PBXGroup;
			children = (
				F1AF76162C6CF90200F3A7CD /* LaunchScreenViewController.swift */,
			);
			path = LaunchScreen;
			sourceTree = "<group>";
		};
		F1AF76182C6CF97400F3A7CD /* Base */ = {
			isa = PBXGroup;
			children = (
				F1AF761A2C6CF99500F3A7CD /* BaseViewController.swift */,
			);
			path = Base;
			sourceTree = "<group>";
		};
/* End PBXGroup section */

/* Begin PBXNativeTarget section */
		F13BC5EA2C1DAA7E007FCE3E /* RickAndMorty */ = {
			isa = PBXNativeTarget;
			buildConfigurationList = F13BC5FF2C1DAA81007FCE3E /* Build configuration list for PBXNativeTarget "RickAndMorty" */;
			buildPhases = (
				F13BC5E72C1DAA7E007FCE3E /* Sources */,
				F13BC5E82C1DAA7E007FCE3E /* Frameworks */,
				F13BC5E92C1DAA7E007FCE3E /* Resources */,
			);
			buildRules = (
			);
			dependencies = (
			);
			name = RickAndMorty;
			productName = RickAndMorty;
			productReference = F13BC5EB2C1DAA7E007FCE3E /* RickAndMorty.app */;
			productType = "com.apple.product-type.application";
		};
/* End PBXNativeTarget section */

/* Begin PBXProject section */
		F13BC5E32C1DAA7D007FCE3E /* Project object */ = {
			isa = PBXProject;
			attributes = {
				BuildIndependentTargetsInParallel = 1;
				LastSwiftUpdateCheck = 1600;
				LastUpgradeCheck = 1600;
				TargetAttributes = {
					F13BC5EA2C1DAA7E007FCE3E = {
						CreatedOnToolsVersion = 16.0;
					};
				};
			};
			buildConfigurationList = F13BC5E62C1DAA7E007FCE3E /* Build configuration list for PBXProject "RickAndMorty" */;
			compatibilityVersion = "Xcode 15.0";
			developmentRegion = en;
			hasScannedForEncodings = 0;
			knownRegions = (
				en,
				Base,
				ru,
				uk,
			);
			mainGroup = F13BC5E22C1DAA7D007FCE3E;
			productRefGroup = F13BC5EC2C1DAA7E007FCE3E /* Products */;
			projectDirPath = "";
			projectRoot = "";
			targets = (
				F13BC5EA2C1DAA7E007FCE3E /* RickAndMorty */,
			);
		};
/* End PBXProject section */

/* Begin PBXResourcesBuildPhase section */
		F13BC5E92C1DAA7E007FCE3E /* Resources */ = {
			isa = PBXResourcesBuildPhase;
			buildActionMask = 2147483647;
			files = (
				F12C2BA42C6E1B7D002DE1EF /* Localizable.xcstrings in Resources */,
				F13BC5F82C1DAA81007FCE3E /* Assets.xcassets in Resources */,
			);
			runOnlyForDeploymentPostprocessing = 0;
		};
/* End PBXResourcesBuildPhase section */

/* Begin PBXSourcesBuildPhase section */
		F13BC5E72C1DAA7E007FCE3E /* Sources */ = {
			isa = PBXSourcesBuildPhase;
			buildActionMask = 2147483647;
			files = (
				F12C2BC02C6E35CB002DE1EF /* NetworkServiceImpl.swift in Sources */,
				F19438BB2C6DF63700986BA4 /* LaunchScreenView.swift in Sources */,
				F12C2BB22C6E258D002DE1EF /* Info.swift in Sources */,
				F12C2BA82C6E23BF002DE1EF /* Character.swift in Sources */,
				F13DFC562C6FBEBF0008BA41 /* ServiceLocator.swift in Sources */,
				F13DFC542C6F80880008BA41 /* ControllersExt.swift in Sources */,
				F12C2BBC2C6E349B002DE1EF /* CharacterRepositoryImpl.swift in Sources */,
				F12C2BBA2C6E27AF002DE1EF /* CharacterRepository.swift in Sources */,
				F12C2BB02C6E2547002DE1EF /* CharacterResponse.swift in Sources */,
				F19438C02C6DF91A00986BA4 /* R.swift in Sources */,
				F13BC5EF2C1DAA7E007FCE3E /* AppDelegate.swift in Sources */,
				F12C2BC42C6E39B0002DE1EF /* NetworkError.swift in Sources */,
				F12C2BAA2C6E242A002DE1EF /* CharacterLocation.swift in Sources */,
				F12C2BB82C6E2660002DE1EF /* Episode.swift in Sources */,
				F12C2BAE2C6E24CE002DE1EF /* CharacterOrigin.swift in Sources */,
				F1AF761B2C6CF99500F3A7CD /* BaseViewController.swift in Sources */,
				F19438BE2C6DF81800986BA4 /* BaseView.swift in Sources */,
				F12C2BBE2C6E34E4002DE1EF /* NetworkService.swift in Sources */,
				F1AF76172C6CF90200F3A7CD /* LaunchScreenViewController.swift in Sources */,
				F12C2BA62C6E2027002DE1EF /* CharacterViewController.swift in Sources */,
				F13BC5F12C1DAA7E007FCE3E /* SceneDelegate.swift in Sources */,
				F12C2BAC2C6E2477002DE1EF /* CharacterDetail.swift in Sources */,
				F12C2BA22C6E182D002DE1EF /* CharactersScreen.swift in Sources */,
				F19438C22C6E003D00986BA4 /* Constants.swift in Sources */,
				F12C2BB52C6E25E0002DE1EF /* EpisodeResponse.swift in Sources */,
				F12C2BC22C6E36DB002DE1EF /* CharacterEndpoint.swift in Sources */,
			);
			runOnlyForDeploymentPostprocessing = 0;
		};
/* End PBXSourcesBuildPhase section */

/* Begin XCBuildConfiguration section */
		F13BC5FD2C1DAA81007FCE3E /* Debug */ = {
			isa = XCBuildConfiguration;
			buildSettings = {
				ALWAYS_SEARCH_USER_PATHS = NO;
				ASSETCATALOG_COMPILER_GENERATE_SWIFT_ASSET_SYMBOL_EXTENSIONS = YES;
				CLANG_ANALYZER_NONNULL = YES;
				CLANG_ANALYZER_NUMBER_OBJECT_CONVERSION = YES_AGGRESSIVE;
				CLANG_CXX_LANGUAGE_STANDARD = "gnu++20";
				CLANG_ENABLE_MODULES = YES;
				CLANG_ENABLE_OBJC_ARC = YES;
				CLANG_ENABLE_OBJC_WEAK = YES;
				CLANG_WARN_BLOCK_CAPTURE_AUTORELEASING = YES;
				CLANG_WARN_BOOL_CONVERSION = YES;
				CLANG_WARN_COMMA = YES;
				CLANG_WARN_CONSTANT_CONVERSION = YES;
				CLANG_WARN_DEPRECATED_OBJC_IMPLEMENTATIONS = YES;
				CLANG_WARN_DIRECT_OBJC_ISA_USAGE = YES_ERROR;
				CLANG_WARN_DOCUMENTATION_COMMENTS = YES;
				CLANG_WARN_EMPTY_BODY = YES;
				CLANG_WARN_ENUM_CONVERSION = YES;
				CLANG_WARN_INFINITE_RECURSION = YES;
				CLANG_WARN_INT_CONVERSION = YES;
				CLANG_WARN_NON_LITERAL_NULL_CONVERSION = YES;
				CLANG_WARN_OBJC_IMPLICIT_RETAIN_SELF = YES;
				CLANG_WARN_OBJC_LITERAL_CONVERSION = YES;
				CLANG_WARN_OBJC_ROOT_CLASS = YES_ERROR;
				CLANG_WARN_QUOTED_INCLUDE_IN_FRAMEWORK_HEADER = YES;
				CLANG_WARN_RANGE_LOOP_ANALYSIS = YES;
				CLANG_WARN_STRICT_PROTOTYPES = YES;
				CLANG_WARN_SUSPICIOUS_MOVE = YES;
				CLANG_WARN_UNGUARDED_AVAILABILITY = YES_AGGRESSIVE;
				CLANG_WARN_UNREACHABLE_CODE = YES;
				CLANG_WARN__DUPLICATE_METHOD_MATCH = YES;
				COPY_PHASE_STRIP = NO;
				DEBUG_INFORMATION_FORMAT = dwarf;
				ENABLE_STRICT_OBJC_MSGSEND = YES;
				ENABLE_TESTABILITY = YES;
				ENABLE_USER_SCRIPT_SANDBOXING = YES;
				GCC_C_LANGUAGE_STANDARD = gnu17;
				GCC_DYNAMIC_NO_PIC = NO;
				GCC_NO_COMMON_BLOCKS = YES;
				GCC_OPTIMIZATION_LEVEL = 0;
				GCC_PREPROCESSOR_DEFINITIONS = (
					"DEBUG=1",
					"$(inherited)",
				);
				GCC_WARN_64_TO_32_BIT_CONVERSION = YES;
				GCC_WARN_ABOUT_RETURN_TYPE = YES_ERROR;
				GCC_WARN_UNDECLARED_SELECTOR = YES;
				GCC_WARN_UNINITIALIZED_AUTOS = YES_AGGRESSIVE;
				GCC_WARN_UNUSED_FUNCTION = YES;
				GCC_WARN_UNUSED_VARIABLE = YES;
				IPHONEOS_DEPLOYMENT_TARGET = 18.0;
				LOCALIZATION_PREFERS_STRING_CATALOGS = YES;
				MTL_ENABLE_DEBUG_INFO = INCLUDE_SOURCE;
				MTL_FAST_MATH = YES;
				ONLY_ACTIVE_ARCH = YES;
				SDKROOT = iphoneos;
				SWIFT_ACTIVE_COMPILATION_CONDITIONS = "DEBUG $(inherited)";
				SWIFT_EMIT_LOC_STRINGS = YES;
				SWIFT_OPTIMIZATION_LEVEL = "-Onone";
				SWIFT_VERSION = 5.0;
			};
			name = Debug;
		};
		F13BC5FE2C1DAA81007FCE3E /* Release */ = {
			isa = XCBuildConfiguration;
			buildSettings = {
				ALWAYS_SEARCH_USER_PATHS = NO;
				ASSETCATALOG_COMPILER_GENERATE_SWIFT_ASSET_SYMBOL_EXTENSIONS = YES;
				CLANG_ANALYZER_NONNULL = YES;
				CLANG_ANALYZER_NUMBER_OBJECT_CONVERSION = YES_AGGRESSIVE;
				CLANG_CXX_LANGUAGE_STANDARD = "gnu++20";
				CLANG_ENABLE_MODULES = YES;
				CLANG_ENABLE_OBJC_ARC = YES;
				CLANG_ENABLE_OBJC_WEAK = YES;
				CLANG_WARN_BLOCK_CAPTURE_AUTORELEASING = YES;
				CLANG_WARN_BOOL_CONVERSION = YES;
				CLANG_WARN_COMMA = YES;
				CLANG_WARN_CONSTANT_CONVERSION = YES;
				CLANG_WARN_DEPRECATED_OBJC_IMPLEMENTATIONS = YES;
				CLANG_WARN_DIRECT_OBJC_ISA_USAGE = YES_ERROR;
				CLANG_WARN_DOCUMENTATION_COMMENTS = YES;
				CLANG_WARN_EMPTY_BODY = YES;
				CLANG_WARN_ENUM_CONVERSION = YES;
				CLANG_WARN_INFINITE_RECURSION = YES;
				CLANG_WARN_INT_CONVERSION = YES;
				CLANG_WARN_NON_LITERAL_NULL_CONVERSION = YES;
				CLANG_WARN_OBJC_IMPLICIT_RETAIN_SELF = YES;
				CLANG_WARN_OBJC_LITERAL_CONVERSION = YES;
				CLANG_WARN_OBJC_ROOT_CLASS = YES_ERROR;
				CLANG_WARN_QUOTED_INCLUDE_IN_FRAMEWORK_HEADER = YES;
				CLANG_WARN_RANGE_LOOP_ANALYSIS = YES;
				CLANG_WARN_STRICT_PROTOTYPES = YES;
				CLANG_WARN_SUSPICIOUS_MOVE = YES;
				CLANG_WARN_UNGUARDED_AVAILABILITY = YES_AGGRESSIVE;
				CLANG_WARN_UNREACHABLE_CODE = YES;
				CLANG_WARN__DUPLICATE_METHOD_MATCH = YES;
				COPY_PHASE_STRIP = NO;
				DEBUG_INFORMATION_FORMAT = "dwarf-with-dsym";
				ENABLE_NS_ASSERTIONS = NO;
				ENABLE_STRICT_OBJC_MSGSEND = YES;
				ENABLE_USER_SCRIPT_SANDBOXING = YES;
				GCC_C_LANGUAGE_STANDARD = gnu17;
				GCC_NO_COMMON_BLOCKS = YES;
				GCC_WARN_64_TO_32_BIT_CONVERSION = YES;
				GCC_WARN_ABOUT_RETURN_TYPE = YES_ERROR;
				GCC_WARN_UNDECLARED_SELECTOR = YES;
				GCC_WARN_UNINITIALIZED_AUTOS = YES_AGGRESSIVE;
				GCC_WARN_UNUSED_FUNCTION = YES;
				GCC_WARN_UNUSED_VARIABLE = YES;
				IPHONEOS_DEPLOYMENT_TARGET = 18.0;
				LOCALIZATION_PREFERS_STRING_CATALOGS = YES;
				MTL_ENABLE_DEBUG_INFO = NO;
				MTL_FAST_MATH = YES;
				SDKROOT = iphoneos;
				SWIFT_COMPILATION_MODE = wholemodule;
				SWIFT_EMIT_LOC_STRINGS = YES;
				SWIFT_VERSION = 5.0;
				VALIDATE_PRODUCT = YES;
			};
			name = Release;
		};
		F13BC6002C1DAA81007FCE3E /* Debug */ = {
			isa = XCBuildConfiguration;
			buildSettings = {
				ASSETCATALOG_COMPILER_APPICON_NAME = AppIcon;
				ASSETCATALOG_COMPILER_GLOBAL_ACCENT_COLOR_NAME = AccentColor;
				CODE_SIGN_STYLE = Automatic;
				CURRENT_PROJECT_VERSION = 1;
				DEVELOPMENT_TEAM = "";
				GENERATE_INFOPLIST_FILE = YES;
				INFOPLIST_FILE = RickAndMorty/Resources/Info.plist;
				INFOPLIST_KEY_CFBundleDisplayName = "Rick&Morty";
				INFOPLIST_KEY_UIApplicationSupportsIndirectInputEvents = YES;
				INFOPLIST_KEY_UILaunchStoryboardName = LaunchScreen;
				INFOPLIST_KEY_UIMainStoryboardFile = "";
				INFOPLIST_KEY_UISupportedInterfaceOrientations_iPad = "UIInterfaceOrientationPortrait UIInterfaceOrientationPortraitUpsideDown UIInterfaceOrientationLandscapeLeft UIInterfaceOrientationLandscapeRight";
				INFOPLIST_KEY_UISupportedInterfaceOrientations_iPhone = "UIInterfaceOrientationPortrait UIInterfaceOrientationLandscapeLeft UIInterfaceOrientationLandscapeRight";
				IPHONEOS_DEPLOYMENT_TARGET = 16.0;
				LD_RUNPATH_SEARCH_PATHS = (
					"$(inherited)",
					"@executable_path/Frameworks",
				);
				MARKETING_VERSION = 1.0;
				PRODUCT_BUNDLE_IDENTIFIER = pro.ksart.RickAndMorty;
				PRODUCT_NAME = "$(TARGET_NAME)";
				SUPPORTED_PLATFORMS = "iphoneos iphonesimulator";
				SUPPORTS_MACCATALYST = NO;
				SUPPORTS_XR_DESIGNED_FOR_IPHONE_IPAD = NO;
				SWIFT_EMIT_LOC_STRINGS = YES;
				SWIFT_VERSION = 5.0;
				TARGETED_DEVICE_FAMILY = "1,2";
			};
			name = Debug;
		};
		F13BC6012C1DAA81007FCE3E /* Release */ = {
			isa = XCBuildConfiguration;
			buildSettings = {
				ASSETCATALOG_COMPILER_APPICON_NAME = AppIcon;
				ASSETCATALOG_COMPILER_GLOBAL_ACCENT_COLOR_NAME = AccentColor;
				CODE_SIGN_STYLE = Automatic;
				CURRENT_PROJECT_VERSION = 1;
				DEVELOPMENT_TEAM = "";
				GENERATE_INFOPLIST_FILE = YES;
				INFOPLIST_FILE = RickAndMorty/Resources/Info.plist;
				INFOPLIST_KEY_CFBundleDisplayName = "Rick&Morty";
				INFOPLIST_KEY_UIApplicationSupportsIndirectInputEvents = YES;
				INFOPLIST_KEY_UILaunchStoryboardName = LaunchScreen;
				INFOPLIST_KEY_UIMainStoryboardFile = "";
				INFOPLIST_KEY_UISupportedInterfaceOrientations_iPad = "UIInterfaceOrientationPortrait UIInterfaceOrientationPortraitUpsideDown UIInterfaceOrientationLandscapeLeft UIInterfaceOrientationLandscapeRight";
				INFOPLIST_KEY_UISupportedInterfaceOrientations_iPhone = "UIInterfaceOrientationPortrait UIInterfaceOrientationLandscapeLeft UIInterfaceOrientationLandscapeRight";
				IPHONEOS_DEPLOYMENT_TARGET = 16.0;
				LD_RUNPATH_SEARCH_PATHS = (
					"$(inherited)",
					"@executable_path/Frameworks",
				);
				MARKETING_VERSION = 1.0;
				PRODUCT_BUNDLE_IDENTIFIER = pro.ksart.RickAndMorty;
				PRODUCT_NAME = "$(TARGET_NAME)";
				SUPPORTED_PLATFORMS = "iphoneos iphonesimulator";
				SUPPORTS_MACCATALYST = NO;
				SUPPORTS_XR_DESIGNED_FOR_IPHONE_IPAD = NO;
				SWIFT_EMIT_LOC_STRINGS = YES;
				SWIFT_VERSION = 5.0;
				TARGETED_DEVICE_FAMILY = "1,2";
			};
			name = Release;
		};
/* End XCBuildConfiguration section */

/* Begin XCConfigurationList section */
		F13BC5E62C1DAA7E007FCE3E /* Build configuration list for PBXProject "RickAndMorty" */ = {
			isa = XCConfigurationList;
			buildConfigurations = (
				F13BC5FD2C1DAA81007FCE3E /* Debug */,
				F13BC5FE2C1DAA81007FCE3E /* Release */,
			);
			defaultConfigurationIsVisible = 0;
			defaultConfigurationName = Release;
		};
		F13BC5FF2C1DAA81007FCE3E /* Build configuration list for PBXNativeTarget "RickAndMorty" */ = {
			isa = XCConfigurationList;
			buildConfigurations = (
				F13BC6002C1DAA81007FCE3E /* Debug */,
				F13BC6012C1DAA81007FCE3E /* Release */,
			);
			defaultConfigurationIsVisible = 0;
			defaultConfigurationName = Release;
		};
/* End XCConfigurationList section */
	};
	rootObject = F13BC5E32C1DAA7D007FCE3E /* Project object */;
}
